
Microsoft Visual Studio Solution File, Format Version 12.00
# Visual Studio Version 16
VisualStudioVersion = 16.0.29424.173
MinimumVisualStudioVersion = 10.0.40219.1
Project("{FAE04EC0-301F-11D3-BF4B-00C04F79EFBC}") = "ConsoleApp21", "ConsoleApp21\ConsoleApp21.csproj", "{3B27EE3F-D77B-41C8-8F5B-F7F65396C8C1}"
EndProject
Project("{FAE04EC0-301F-11D3-BF4B-00C04F79EFBC}") = "UnitTestProject1", "UnitTestProject1\UnitTestProject1.csproj", "{A0C10491-792D-4B49-9E40-271A7CF6A7D6}"
EndProject
Global
	GlobalSection(SolutionConfigurationPlatforms) = preSolution
		Debug|Any CPU = Debug|Any CPU
		Release|Any CPU = Release|Any CPU
	EndGlobalSection
	GlobalSection(ProjectConfigurationPlatforms) = postSolution
		{3B27EE3F-D77B-41C8-8F5B-F7F65396C8C1}.Debug|Any CPU.ActiveCfg = Debug|Any CPU
		{3B27EE3F-D77B-41C8-8F5B-F7F65396C8C1}.Debug|Any CPU.Build.0 = Debug|Any CPU
		{3B27EE3F-D77B-41C8-8F5B-F7F65396C8C1}.Release|Any CPU.ActiveCfg = Release|Any CPU
		{3B27EE3F-D77B-41C8-8F5B-F7F65396C8C1}.Release|Any CPU.Build.0 = Release|Any CPU
		{A0C10491-792D-4B49-9E40-271A7CF6A7D6}.Debug|Any CPU.ActiveCfg = Debug|Any CPU
		{A0C10491-792D-4B49-9E40-271A7CF6A7D6}.Debug|Any CPU.Build.0 = Debug|Any CPU
		{A0C10491-792D-4B49-9E40-271A7CF6A7D6}.Release|Any CPU.ActiveCfg = Release|Any CPU
		{A0C10491-792D-4B49-9E40-271A7CF6A7D6}.Release|Any CPU.Build.0 = Release|Any CPU
	EndGlobalSection
	GlobalSection(SolutionProperties) = preSolution
		HideSolutionNode = FALSE
	EndGlobalSection
	GlobalSection(ExtensibilityGlobals) = postSolution
		SolutionGuid = {4171DF51-F06B-41B7-B34E-EF7DBF43E5E2}
	EndGlobalSection
EndGlobal
